
Microsoft Visual Studio Solution File, Format Version 12.00
# Visual Studio Version 16
VisualStudioVersion = 16.0.30907.101
MinimumVisualStudioVersion = 10.0.40219.1
Project("{9A19103F-16F7-4668-BE54-9A1E7A4F7556}") = "7.3", "7.3.csproj", "{A82CA0A3-A1A4-4888-8506-284E0673D562}"
EndProject
Global
	GlobalSection(SolutionConfigurationPlatforms) = preSolution
		Debug|Any CPU = Debug|Any CPU
		Release|Any CPU = Release|Any CPU
	EndGlobalSection
	GlobalSection(ProjectConfigurationPlatforms) = postSolution
		{A82CA0A3-A1A4-4888-8506-284E0673D562}.Debug|Any CPU.ActiveCfg = Debug|Any CPU
		{A82CA0A3-A1A4-4888-8506-284E0673D562}.Debug|Any CPU.Build.0 = Debug|Any CPU
		{A82CA0A3-A1A4-4888-8506-284E0673D562}.Release|Any CPU.ActiveCfg = Release|Any CPU
		{A82CA0A3-A1A4-4888-8506-284E0673D562}.Release|Any CPU.Build.0 = Release|Any CPU
	EndGlobalSection
	GlobalSection(SolutionProperties) = preSolution
		HideSolutionNode = FALSE
	EndGlobalSection
	GlobalSection(ExtensibilityGlobals) = postSolution
		SolutionGuid = {AF455974-8D41-49E1-A6E7-DD938B334C46}
	EndGlobalSection
EndGlobal
