
Microsoft Visual Studio Solution File, Format Version 12.00
# Visual Studio Version 16
VisualStudioVersion = 16.0.30907.101
MinimumVisualStudioVersion = 10.0.40219.1
Project("{FAE04EC0-301F-11D3-BF4B-00C04F79EFBC}") = "7a", "7a\7a.csproj", "{48D2672F-2C54-4A14-8FD5-83B75B08A2D3}"
EndProject
Global
	GlobalSection(SolutionConfigurationPlatforms) = preSolution
		Debug|Any CPU = Debug|Any CPU
		Release|Any CPU = Release|Any CPU
	EndGlobalSection
	GlobalSection(ProjectConfigurationPlatforms) = postSolution
		{48D2672F-2C54-4A14-8FD5-83B75B08A2D3}.Debug|Any CPU.ActiveCfg = Debug|Any CPU
		{48D2672F-2C54-4A14-8FD5-83B75B08A2D3}.Debug|Any CPU.Build.0 = Debug|Any CPU
		{48D2672F-2C54-4A14-8FD5-83B75B08A2D3}.Release|Any CPU.ActiveCfg = Release|Any CPU
		{48D2672F-2C54-4A14-8FD5-83B75B08A2D3}.Release|Any CPU.Build.0 = Release|Any CPU
	EndGlobalSection
	GlobalSection(SolutionProperties) = preSolution
		HideSolutionNode = FALSE
	EndGlobalSection
	GlobalSection(ExtensibilityGlobals) = postSolution
		SolutionGuid = {3A84B4AA-13F2-4D0A-9ADA-5E5F94BBF790}
	EndGlobalSection
EndGlobal
